{
  "version": 4,
  "terraform_version": "1.10.3",
  "serial": 13,
  "lineage": "4cd9dc64-eae1-b654-ab83-a205b2255765",
  "outputs": {},
  "resources": [
    {
      "mode": "data",
      "type": "google_project",
      "name": "project",
      "provider": "provider[\"registry.terraform.io/hashicorp/google\"]",
      "instances": [
        {
          "schema_version": 0,
          "attributes": {
            "auto_create_network": null,
            "billing_account": "014140-F0ABD0-E8A0BC",
            "deletion_policy": "DELETE",
            "effective_labels": {},
            "folder_id": null,
            "id": "projects/galvanic-portal-456405-a2",
            "labels": {},
            "name": "My First Project",
            "number": "1076859015448",
            "org_id": null,
            "project_id": "galvanic-portal-456405-a2",
            "skip_delete": null,
            "terraform_labels": {}
          },
          "sensitive_attributes": []
        }
      ]
    },
    {
      "mode": "managed",
      "type": "google_project_iam_member",
      "name": "secret_reader",
      "provider": "provider[\"registry.terraform.io/hashicorp/google\"]",
      "instances": [
        {
          "schema_version": 0,
          "attributes": {
            "condition": [],
            "etag": "BwY2ptGCz24=",
            "id": "galvanic-portal-456405-a2/roles/secretmanager.secretAccessor/serviceAccount:1076859015448-compute@developer.gserviceaccount.com",
            "member": "serviceAccount:1076859015448-compute@developer.gserviceaccount.com",
            "project": "galvanic-portal-456405-a2",
            "role": "roles/secretmanager.secretAccessor"
          },
          "sensitive_attributes": [],
          "private": "bnVsbA=="
        }
      ]
    },
    {
      "mode": "managed",
      "type": "google_secret_manager_secret",
      "name": "secrets",
      "provider": "provider[\"registry.terraform.io/hashicorp/google\"]",
      "instances": [
        {
          "index_key": "DATABASE_URL",
          "schema_version": 0,
          "attributes": {
            "annotations": null,
            "create_time": "2025-06-03T08:48:52.614226Z",
            "effective_annotations": {},
            "effective_labels": {},
            "expire_time": "",
            "id": "projects/galvanic-portal-456405-a2/secrets/DATABASE_URL",
            "labels": null,
            "name": "projects/1076859015448/secrets/DATABASE_URL",
            "project": "galvanic-portal-456405-a2",
            "replication": [
              {
                "auto": [
                  {
                    "customer_managed_encryption": []
                  }
                ],
                "user_managed": []
              }
            ],
            "rotation": [],
            "secret_id": "DATABASE_URL",
            "terraform_labels": {},
            "timeouts": null,
            "topics": [],
            "ttl": null,
            "version_aliases": null,
            "version_destroy_ttl": ""
          },
          "sensitive_attributes": [],
          "private": "eyJlMmJmYjczMC1lY2FhLTExZTYtOGY4OC0zNDM2M2JjN2M0YzAiOnsiY3JlYXRlIjoxMjAwMDAwMDAwMDAwLCJkZWxldGUiOjEyMDAwMDAwMDAwMDAsInVwZGF0ZSI6MTIwMDAwMDAwMDAwMH19"
        },
        {
          "index_key": "GOOGLE_CLIENT_SECRET",
          "schema_version": 0,
          "attributes": {
            "annotations": null,
            "create_time": "2025-06-03T08:48:52.877817Z",
            "effective_annotations": {},
            "effective_labels": {},
            "expire_time": "",
            "id": "projects/galvanic-portal-456405-a2/secrets/GOOGLE_CLIENT_SECRET",
            "labels": null,
            "name": "projects/1076859015448/secrets/GOOGLE_CLIENT_SECRET",
            "project": "galvanic-portal-456405-a2",
            "replication": [
              {
                "auto": [
                  {
                    "customer_managed_encryption": []
                  }
                ],
                "user_managed": []
              }
            ],
            "rotation": [],
            "secret_id": "GOOGLE_CLIENT_SECRET",
            "terraform_labels": {},
            "timeouts": null,
            "topics": [],
            "ttl": null,
            "version_aliases": null,
            "version_destroy_ttl": ""
          },
          "sensitive_attributes": [],
          "private": "eyJlMmJmYjczMC1lY2FhLTExZTYtOGY4OC0zNDM2M2JjN2M0YzAiOnsiY3JlYXRlIjoxMjAwMDAwMDAwMDAwLCJkZWxldGUiOjEyMDAwMDAwMDAwMDAsInVwZGF0ZSI6MTIwMDAwMDAwMDAwMH19"
        },
        {
          "index_key": "NEXT_AUTH_SECRET",
          "schema_version": 0,
          "attributes": {
            "annotations": null,
            "create_time": "2025-06-03T08:48:52.622471Z",
            "effective_annotations": {},
            "effective_labels": {},
            "expire_time": "",
            "id": "projects/galvanic-portal-456405-a2/secrets/NEXT_AUTH_SECRET",
            "labels": null,
            "name": "projects/1076859015448/secrets/NEXT_AUTH_SECRET",
            "project": "galvanic-portal-456405-a2",
            "replication": [
              {
                "auto": [
                  {
                    "customer_managed_encryption": []
                  }
                ],
                "user_managed": []
              }
            ],
            "rotation": [],
            "secret_id": "NEXT_AUTH_SECRET",
            "terraform_labels": {},
            "timeouts": null,
            "topics": [],
            "ttl": null,
            "version_aliases": null,
            "version_destroy_ttl": ""
          },
          "sensitive_attributes": [],
          "private": "eyJlMmJmYjczMC1lY2FhLTExZTYtOGY4OC0zNDM2M2JjN2M0YzAiOnsiY3JlYXRlIjoxMjAwMDAwMDAwMDAwLCJkZWxldGUiOjEyMDAwMDAwMDAwMDAsInVwZGF0ZSI6MTIwMDAwMDAwMDAwMH19"
        }
      ]
    },
    {
      "mode": "managed",
      "type": "google_secret_manager_secret_version",
      "name": "secrets_version",
      "provider": "provider[\"registry.terraform.io/hashicorp/google\"]",
      "instances": [
        {
          "index_key": "DATABASE_URL",
          "schema_version": 0,
          "attributes": {
            "create_time": "2025-06-03T08:49:00.521489Z",
            "deletion_policy": "DELETE",
            "destroy_time": "",
            "enabled": true,
            "id": "projects/1076859015448/secrets/DATABASE_URL/versions/1",
            "is_secret_data_base64": false,
            "name": "projects/1076859015448/secrets/DATABASE_URL/versions/1",
            "secret": "projects/galvanic-portal-456405-a2/secrets/DATABASE_URL",
            "secret_data": "postgresql://savemomdev:*f]FVfENltmIsN8A@34.81.39.21/testtaiwan",
            "timeouts": null,
            "version": "1"
          },
          "sensitive_attributes": [
            [
              {
                "type": "get_attr",
                "value": "secret_data"
              }
            ]
          ],
          "private": "eyJlMmJmYjczMC1lY2FhLTExZTYtOGY4OC0zNDM2M2JjN2M0YzAiOnsiY3JlYXRlIjoxMjAwMDAwMDAwMDAwLCJkZWxldGUiOjEyMDAwMDAwMDAwMDAsInVwZGF0ZSI6MTIwMDAwMDAwMDAwMH19",
          "dependencies": [
            "google_secret_manager_secret.secrets"
          ]
        },
        {
          "index_key": "GOOGLE_CLIENT_SECRET",
          "schema_version": 0,
          "attributes": {
            "create_time": "2025-06-03T08:49:01.901988Z",
            "deletion_policy": "DELETE",
            "destroy_time": "",
            "enabled": true,
            "id": "projects/1076859015448/secrets/GOOGLE_CLIENT_SECRET/versions/1",
            "is_secret_data_base64": false,
            "name": "projects/1076859015448/secrets/GOOGLE_CLIENT_SECRET/versions/1",
            "secret": "projects/galvanic-portal-456405-a2/secrets/GOOGLE_CLIENT_SECRET",
            "secret_data": "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",
            "timeouts": null,
            "version": "1"
          },
          "sensitive_attributes": [
            [
              {
                "type": "get_attr",
                "value": "secret_data"
              }
            ]
          ],
          "private": "eyJlMmJmYjczMC1lY2FhLTExZTYtOGY4OC0zNDM2M2JjN2M0YzAiOnsiY3JlYXRlIjoxMjAwMDAwMDAwMDAwLCJkZWxldGUiOjEyMDAwMDAwMDAwMDAsInVwZGF0ZSI6MTIwMDAwMDAwMDAwMH19",
          "dependencies": [
            "google_secret_manager_secret.secrets"
          ]
        },
        {
          "index_key": "NEXT_AUTH_SECRET",
          "schema_version": 0,
          "attributes": {
            "create_time": "2025-06-03T08:48:59.451924Z",
            "deletion_policy": "DELETE",
            "destroy_time": "",
            "enabled": true,
            "id": "projects/1076859015448/secrets/NEXT_AUTH_SECRET/versions/1",
            "is_secret_data_base64": false,
            "name": "projects/1076859015448/secrets/NEXT_AUTH_SECRET/versions/1",
            "secret": "projects/galvanic-portal-456405-a2/secrets/NEXT_AUTH_SECRET",
            "secret_data": "jfhgfkhffkhfhkffjutfvthjfvfhjfj",
            "timeouts": null,
            "version": "1"
          },
          "sensitive_attributes": [
            [
              {
                "type": "get_attr",
                "value": "secret_data"
              }
            ]
          ],
          "private": "eyJlMmJmYjczMC1lY2FhLTExZTYtOGY4OC0zNDM2M2JjN2M0YzAiOnsiY3JlYXRlIjoxMjAwMDAwMDAwMDAwLCJkZWxldGUiOjEyMDAwMDAwMDAwMDAsInVwZGF0ZSI6MTIwMDAwMDAwMDAwMH19",
          "dependencies": [
            "google_secret_manager_secret.secrets"
          ]
        }
      ]
    }
  ],
  "check_results": null
}
